
Microsoft Visual Studio Solution File, Format Version 12.00
# Visual Studio Version 17
VisualStudioVersion = 17.0.32126.317
MinimumVisualStudioVersion = 10.0.40219.1
Project("{9A19103F-16F7-4668-BE54-9A1E7A4F7556}") = "mk.helpers", "mk.helpers.csproj", "{8C9CD5D6-46C0-4447-896B-FB8FB8A03375}"
EndProject
Project("{9A19103F-16F7-4668-BE54-9A1E7A4F7556}") = "mk.helpers.sandbox", "mk.helpers.sandbox\mk.helpers.sandbox.csproj", "{CFEB29B7-68E4-4FC2-AE2C-0C97D655A9B7}"
EndProject
Global
	GlobalSection(SolutionConfigurationPlatforms) = preSolution
		Debug|Any CPU = Debug|Any CPU
		Release|Any CPU = Release|Any CPU
	EndGlobalSection
	GlobalSection(ProjectConfigurationPlatforms) = postSolution
		{8C9CD5D6-46C0-4447-896B-FB8FB8A03375}.Debug|Any CPU.ActiveCfg = Debug|Any CPU
		{8C9CD5D6-46C0-4447-896B-FB8FB8A03375}.Debug|Any CPU.Build.0 = Debug|Any CPU
		{8C9CD5D6-46C0-4447-896B-FB8FB8A03375}.Release|Any CPU.ActiveCfg = Release|Any CPU
		{8C9CD5D6-46C0-4447-896B-FB8FB8A03375}.Release|Any CPU.Build.0 = Release|Any CPU
		{CFEB29B7-68E4-4FC2-AE2C-0C97D655A9B7}.Debug|Any CPU.ActiveCfg = Debug|Any CPU
		{CFEB29B7-68E4-4FC2-AE2C-0C97D655A9B7}.Debug|Any CPU.Build.0 = Debug|Any CPU
		{CFEB29B7-68E4-4FC2-AE2C-0C97D655A9B7}.Release|Any CPU.ActiveCfg = Release|Any CPU
		{CFEB29B7-68E4-4FC2-AE2C-0C97D655A9B7}.Release|Any CPU.Build.0 = Release|Any CPU
	EndGlobalSection
	GlobalSection(SolutionProperties) = preSolution
		HideSolutionNode = FALSE
	EndGlobalSection
	GlobalSection(ExtensibilityGlobals) = postSolution
		SolutionGuid = {7AF2A498-A398-40BB-857F-6F0CA25E49BE}
	EndGlobalSection
EndGlobal
